
Microsoft Visual Studio Solution File, Format Version 12.00
# Visual Studio Version 17
VisualStudioVersion = 17.11.35222.181
MinimumVisualStudioVersion = 10.0.40219.1
Project("{9A19103F-16F7-4668-BE54-9A1E7A4F7556}") = "RestApiDemo", "RestApiDemo\RestApiDemo.csproj", "{38BF8D32-2BCF-4451-9605-E446912C5D7F}"
EndProject
Project("{FAE04EC0-301F-11D3-BF4B-00C04F79EFBC}") = "ProductApi", "ProductApi\ProductApi.csproj", "{BA5938DE-65EC-489C-9DDB-E45DDDA1BC1A}"
EndProject
Global
	GlobalSection(SolutionConfigurationPlatforms) = preSolution
		Debug|Any CPU = Debug|Any CPU
		Release|Any CPU = Release|Any CPU
	EndGlobalSection
	GlobalSection(ProjectConfigurationPlatforms) = postSolution
		{38BF8D32-2BCF-4451-9605-E446912C5D7F}.Debug|Any CPU.ActiveCfg = Debug|Any CPU
		{38BF8D32-2BCF-4451-9605-E446912C5D7F}.Debug|Any CPU.Build.0 = Debug|Any CPU
		{38BF8D32-2BCF-4451-9605-E446912C5D7F}.Release|Any CPU.ActiveCfg = Release|Any CPU
		{38BF8D32-2BCF-4451-9605-E446912C5D7F}.Release|Any CPU.Build.0 = Release|Any CPU
		{BA5938DE-65EC-489C-9DDB-E45DDDA1BC1A}.Debug|Any CPU.ActiveCfg = Debug|Any CPU
		{BA5938DE-65EC-489C-9DDB-E45DDDA1BC1A}.Debug|Any CPU.Build.0 = Debug|Any CPU
		{BA5938DE-65EC-489C-9DDB-E45DDDA1BC1A}.Release|Any CPU.ActiveCfg = Release|Any CPU
		{BA5938DE-65EC-489C-9DDB-E45DDDA1BC1A}.Release|Any CPU.Build.0 = Release|Any CPU
	EndGlobalSection
	GlobalSection(SolutionProperties) = preSolution
		HideSolutionNode = FALSE
	EndGlobalSection
	GlobalSection(ExtensibilityGlobals) = postSolution
		SolutionGuid = {DBB6B89C-9A9B-40EF-BB8E-ECDB8E69579B}
	EndGlobalSection
EndGlobal
